
Microsoft Visual Studio Solution File, Format Version 12.00
# Visual Studio Version 17
VisualStudioVersion = 17.0.31903.59
MinimumVisualStudioVersion = 10.0.40219.1
Project("{FAE04EC0-301F-11D3-BF4B-00C04F79EFBC}") = "TodoApi.Api", "TodoApi.Api\TodoApi.Api.csproj", "{057D7778-368E-45DA-B9B0-4065067A23D9}"
EndProject
Project("{FAE04EC0-301F-11D3-BF4B-00C04F79EFBC}") = "TodoApi.Tests", "TodoApi.Tests\TodoApi.Tests.csproj", "{AA759D9E-0CF1-4EA1-847A-28C42BFA0151}"
EndProject
Global
	GlobalSection(SolutionConfigurationPlatforms) = preSolution
		Debug|Any CPU = Debug|Any CPU
		Release|Any CPU = Release|Any CPU
	EndGlobalSection
	GlobalSection(SolutionProperties) = preSolution
		HideSolutionNode = FALSE
	EndGlobalSection
	GlobalSection(ProjectConfigurationPlatforms) = postSolution
		{057D7778-368E-45DA-B9B0-4065067A23D9}.Debug|Any CPU.ActiveCfg = Debug|Any CPU
		{057D7778-368E-45DA-B9B0-4065067A23D9}.Debug|Any CPU.Build.0 = Debug|Any CPU
		{057D7778-368E-45DA-B9B0-4065067A23D9}.Release|Any CPU.ActiveCfg = Release|Any CPU
		{057D7778-368E-45DA-B9B0-4065067A23D9}.Release|Any CPU.Build.0 = Release|Any CPU
		{AA759D9E-0CF1-4EA1-847A-28C42BFA0151}.Debug|Any CPU.ActiveCfg = Debug|Any CPU
		{AA759D9E-0CF1-4EA1-847A-28C42BFA0151}.Debug|Any CPU.Build.0 = Debug|Any CPU
		{AA759D9E-0CF1-4EA1-847A-28C42BFA0151}.Release|Any CPU.ActiveCfg = Release|Any CPU
		{AA759D9E-0CF1-4EA1-847A-28C42BFA0151}.Release|Any CPU.Build.0 = Release|Any CPU
	EndGlobalSection
EndGlobal
